
Microsoft Visual Studio Solution File, Format Version 12.00
# Visual Studio Version 16
VisualStudioVersion = 16.0.30114.105
MinimumVisualStudioVersion = 10.0.40219.1
Project("{9A19103F-16F7-4668-BE54-9A1E7A4F7556}") = "BackEnd", "BackEnd\BackEnd.csproj", "{C1309FE2-AD1D-460A-8712-939DF3F83902}"
EndProject
Project("{9A19103F-16F7-4668-BE54-9A1E7A4F7556}") = "FrontEnd.Server", "FrontEnd\Server\FrontEnd.Server.csproj", "{DB003DFB-943E-4D2D-9EC9-D8B098D2A291}"
EndProject
Project("{9A19103F-16F7-4668-BE54-9A1E7A4F7556}") = "FrontEnd.Client", "FrontEnd\Client\FrontEnd.Client.csproj", "{34C51462-616B-4F7C-98BF-7D54A6B36F44}"
EndProject
Project("{9A19103F-16F7-4668-BE54-9A1E7A4F7556}") = "FrontEnd.Shared", "FrontEnd\Shared\FrontEnd.Shared.csproj", "{B2623D4D-6FC1-4EE7-8E32-A21205FA2D49}"
EndProject
Global
	GlobalSection(SolutionConfigurationPlatforms) = preSolution
		Debug|Any CPU = Debug|Any CPU
		Release|Any CPU = Release|Any CPU
	EndGlobalSection
	GlobalSection(ProjectConfigurationPlatforms) = postSolution
		{C1309FE2-AD1D-460A-8712-939DF3F83902}.Debug|Any CPU.ActiveCfg = Debug|Any CPU
		{C1309FE2-AD1D-460A-8712-939DF3F83902}.Debug|Any CPU.Build.0 = Debug|Any CPU
		{C1309FE2-AD1D-460A-8712-939DF3F83902}.Release|Any CPU.ActiveCfg = Release|Any CPU
		{C1309FE2-AD1D-460A-8712-939DF3F83902}.Release|Any CPU.Build.0 = Release|Any CPU
		{DB003DFB-943E-4D2D-9EC9-D8B098D2A291}.Debug|Any CPU.ActiveCfg = Debug|Any CPU
		{DB003DFB-943E-4D2D-9EC9-D8B098D2A291}.Debug|Any CPU.Build.0 = Debug|Any CPU
		{DB003DFB-943E-4D2D-9EC9-D8B098D2A291}.Release|Any CPU.ActiveCfg = Release|Any CPU
		{DB003DFB-943E-4D2D-9EC9-D8B098D2A291}.Release|Any CPU.Build.0 = Release|Any CPU
		{34C51462-616B-4F7C-98BF-7D54A6B36F44}.Debug|Any CPU.ActiveCfg = Debug|Any CPU
		{34C51462-616B-4F7C-98BF-7D54A6B36F44}.Debug|Any CPU.Build.0 = Debug|Any CPU
		{34C51462-616B-4F7C-98BF-7D54A6B36F44}.Release|Any CPU.ActiveCfg = Release|Any CPU
		{34C51462-616B-4F7C-98BF-7D54A6B36F44}.Release|Any CPU.Build.0 = Release|Any CPU
		{B2623D4D-6FC1-4EE7-8E32-A21205FA2D49}.Debug|Any CPU.ActiveCfg = Debug|Any CPU
		{B2623D4D-6FC1-4EE7-8E32-A21205FA2D49}.Debug|Any CPU.Build.0 = Debug|Any CPU
		{B2623D4D-6FC1-4EE7-8E32-A21205FA2D49}.Release|Any CPU.ActiveCfg = Release|Any CPU
		{B2623D4D-6FC1-4EE7-8E32-A21205FA2D49}.Release|Any CPU.Build.0 = Release|Any CPU
	EndGlobalSection
	GlobalSection(SolutionProperties) = preSolution
		HideSolutionNode = FALSE
	EndGlobalSection
	GlobalSection(ExtensibilityGlobals) = postSolution
		SolutionGuid = {43D35962-ED13-4128-8137-9FA8C0B06DA1}
	EndGlobalSection
EndGlobal
